// !$*UTF8*$!
{
	archiveVersion = 1;
	classes = {
	};
	objectVersion = 50;
	objects = {

/* Begin PBXBuildFile section */
		F36A6AB7240007CE0038299E /* AppDelegate.m in Sources */ = {isa = PBXBuildFile; fileRef = F36A6AB6240007CE0038299E /* AppDelegate.m */; };
		F36A6ABA240007CE0038299E /* SceneDelegate.m in Sources */ = {isa = PBXBuildFile; fileRef = F36A6AB9240007CE0038299E /* SceneDelegate.m */; };
		F36A6ABD240007CE0038299E /* ViewController.m in Sources */ = {isa = PBXBuildFile; fileRef = F36A6ABC240007CE0038299E /* ViewController.m */; };
		F36A6AC0240007CE0038299E /* Main.storyboard in Resources */ = {isa = PBXBuildFile; fileRef = F36A6ABE240007CE0038299E /* Main.storyboard */; };
		F36A6AC2240007CE0038299E /* Assets.xcassets in Resources */ = {isa = PBXBuildFile; fileRef = F36A6AC1240007CE0038299E /* Assets.xcassets */; };
		F36A6AC5240007CE0038299E /* LaunchScreen.storyboard in Resources */ = {isa = PBXBuildFile; fileRef = F36A6AC3240007CE0038299E /* LaunchScreen.storyboard */; };
		F36A6AC8240007CE0038299E /* main.m in Sources */ = {isa = PBXBuildFile; fileRef = F36A6AC7240007CE0038299E /* main.m */; };
		F36A6AD2240007CE0038299E /* iOSDevKitTests.m in Sources */ = {isa = PBXBuildFile; fileRef = F36A6AD1240007CE0038299E /* iOSDevKitTests.m */; };
		F36A6ADD240007CF0038299E /* iOSDevKitUITests.m in Sources */ = {isa = PBXBuildFile; fileRef = F36A6ADC240007CF0038299E /* iOSDevKitUITests.m */; };
/* End PBXBuildFile section */

/* Begin PBXContainerItemProxy section */
		F36A6ACE240007CE0038299E /* PBXContainerItemProxy */ = {
			isa = PBXContainerItemProxy;
			containerPortal = F36A6AAA240007CE0038299E /* Project object */;
			proxyType = 1;
			remoteGlobalIDString = F36A6AB1240007CE0038299E;
			remoteInfo = iOSDevKit;
		};
		F36A6AD9240007CF0038299E /* PBXContainerItemProxy */ = {
			isa = PBXContainerItemProxy;
			containerPortal = F36A6AAA240007CE0038299E /* Project object */;
			proxyType = 1;
			remoteGlobalIDString = F36A6AB1240007CE0038299E;
			remoteInfo = iOSDevKit;
		};
/* End PBXContainerItemProxy section */

/* Begin PBXFileReference section */
		F36A6AB2240007CE0038299E /* iOSDevKit.app */ = {isa = PBXFileReference; explicitFileType = wrapper.application; includeInIndex = 0; path = iOSDevKit.app; sourceTree = BUILT_PRODUCTS_DIR; };
		F36A6AB5240007CE0038299E /* AppDelegate.h */ = {isa = PBXFileReference; lastKnownFileType = sourcecode.c.h; path = AppDelegate.h; sourceTree = "<group>"; };
		F36A6AB6240007CE0038299E /* AppDelegate.m */ = {isa = PBXFileReference; lastKnownFileType = sourcecode.c.objc; path = AppDelegate.m; sourceTree = "<group>"; };
		F36A6AB8240007CE0038299E /* SceneDelegate.h */ = {isa = PBXFileReference; lastKnownFileType = sourcecode.c.h; path = SceneDelegate.h; sourceTree = "<group>"; };
		F36A6AB9240007CE0038299E /* SceneDelegate.m */ = {isa = PBXFileReference; lastKnownFileType = sourcecode.c.objc; path = SceneDelegate.m; sourceTree = "<group>"; };
		F36A6ABB240007CE0038299E /* ViewController.h */ = {isa = PBXFileReference; lastKnownFileType = sourcecode.c.h; path = ViewController.h; sourceTree = "<group>"; };
		F36A6ABC240007CE0038299E /* ViewController.m */ = {isa = PBXFileReference; lastKnownFileType = sourcecode.c.objc; path = ViewController.m; sourceTree = "<group>"; };
		F36A6ABF240007CE0038299E /* Base */ = {isa = PBXFileReference; lastKnownFileType = file.storyboard; name = Base; path = Base.lproj/Main.storyboard; sourceTree = "<group>"; };
		F36A6AC1240007CE0038299E /* Assets.xcassets */ = {isa = PBXFileReference; lastKnownFileType = folder.assetcatalog; path = Assets.xcassets; sourceTree = "<group>"; };
		F36A6AC4240007CE0038299E /* Base */ = {isa = PBXFileReference; lastKnownFileType = file.storyboard; name = Base; path = Base.lproj/LaunchScreen.storyboard; sourceTree = "<group>"; };
		F36A6AC6240007CE0038299E /* Info.plist */ = {isa = PBXFileReference; lastKnownFileType = text.plist.xml; path = Info.plist; sourceTree = "<group>"; };
		F36A6AC7240007CE0038299E /* main.m */ = {isa = PBXFileReference; lastKnownFileType = sourcecode.c.objc; path = main.m; sourceTree = "<group>"; };
		F36A6ACD240007CE0038299E /* iOSDevKitTests.xctest */ = {isa = PBXFileReference; explicitFileType = wrapper.cfbundle; includeInIndex = 0; path = iOSDevKitTests.xctest; sourceTree = BUILT_PRODUCTS_DIR; };
		F36A6AD1240007CE0038299E /* iOSDevKitTests.m */ = {isa = PBXFileReference; lastKnownFileType = sourcecode.c.objc; path = iOSDevKitTests.m; sourceTree = "<group>"; };
		F36A6AD3240007CE0038299E /* Info.plist */ = {isa = PBXFileReference; lastKnownFileType = text.plist.xml; path = Info.plist; sourceTree = "<group>"; };
		F36A6AD8240007CF0038299E /* iOSDevKitUITests.xctest */ = {isa = PBXFileReference; explicitFileType = wrapper.cfbundle; includeInIndex = 0; path = iOSDevKitUITests.xctest; sourceTree = BUILT_PRODUCTS_DIR; };
		F36A6ADC240007CF0038299E /* iOSDevKitUITests.m */ = {isa = PBXFileReference; lastKnownFileType = sourcecode.c.objc; path = iOSDevKitUITests.m; sourceTree = "<group>"; };
		F36A6ADE240007CF0038299E /* Info.plist */ = {isa = PBXFileReference; lastKnownFileType = text.plist.xml; path = Info.plist; sourceTree = "<group>"; };
/* End PBXFileReference section */

/* Begin PBXFrameworksBuildPhase section */
		F36A6AAF240007CE0038299E /* Frameworks */ = {
			isa = PBXFrameworksBuildPhase;
			buildActionMask = 2147483647;
			files = (
			);
			runOnlyForDeploymentPostprocessing = 0;
		};
		F36A6ACA240007CE0038299E /* Frameworks */ = {
			isa = PBXFrameworksBuildPhase;
			buildActionMask = 2147483647;
			files = (
			);
			runOnlyForDeploymentPostprocessing = 0;
		};
		F36A6AD5240007CF0038299E /* Frameworks */ = {
			isa = PBXFrameworksBuildPhase;
			buildActionMask = 2147483647;
			files = (
			);
			runOnlyForDeploymentPostprocessing = 0;
		};
/* End PBXFrameworksBuildPhase section */

/* Begin PBXGroup section */
		F36A6AA9240007CE0038299E = {
			isa = PBXGroup;
			children = (
				F36A6AB4240007CE0038299E /* iOSDevKit */,
				F36A6AD0240007CE0038299E /* iOSDevKitTests */,
				F36A6ADB240007CF0038299E /* iOSDevKitUITests */,
				F36A6AB3240007CE0038299E /* Products */,
			);
			sourceTree = "<group>";
		};
		F36A6AB3240007CE0038299E /* Products */ = {
			isa = PBXGroup;
			children = (
				F36A6AB2240007CE0038299E /* iOSDevKit.app */,
				F36A6ACD240007CE0038299E /* iOSDevKitTests.xctest */,
				F36A6AD8240007CF0038299E /* iOSDevKitUITests.xctest */,
			);
			name = Products;
			sourceTree = "<group>";
		};
		F36A6AB4240007CE0038299E /* iOSDevKit */ = {
			isa = PBXGroup;
			children = (
				F36A6AB5240007CE0038299E /* AppDelegate.h */,
				F36A6AB6240007CE0038299E /* AppDelegate.m */,
				F36A6AB8240007CE0038299E /* SceneDelegate.h */,
				F36A6AB9240007CE0038299E /* SceneDelegate.m */,
				F36A6ABB240007CE0038299E /* ViewController.h */,
				F36A6ABC240007CE0038299E /* ViewController.m */,
				F36A6ABE240007CE0038299E /* Main.storyboard */,
				F36A6AC1240007CE0038299E /* Assets.xcassets */,
				F36A6AC3240007CE0038299E /* LaunchScreen.storyboard */,
				F36A6AC6240007CE0038299E /* Info.plist */,
				F36A6AC7240007CE0038299E /* main.m */,
			);
			path = iOSDevKit;
			sourceTree = "<group>";
		};
		F36A6AD0240007CE0038299E /* iOSDevKitTests */ = {
			isa = PBXGroup;
			children = (
				F36A6AD1240007CE0038299E /* iOSDevKitTests.m */,
				F36A6AD3240007CE0038299E /* Info.plist */,
			);
			path = iOSDevKitTests;
			sourceTree = "<group>";
		};
		F36A6ADB240007CF0038299E /* iOSDevKitUITests */ = {
			isa = PBXGroup;
			children = (
				F36A6ADC240007CF0038299E /* iOSDevKitUITests.m */,
				F36A6ADE240007CF0038299E /* Info.plist */,
			);
			path = iOSDevKitUITests;
			sourceTree = "<group>";
		};
/* End PBXGroup section */

/* Begin PBXNativeTarget section */
		F36A6AB1240007CE0038299E /* iOSDevKit */ = {
			isa = PBXNativeTarget;
			buildConfigurationList = F36A6AE1240007CF0038299E /* Build configuration list for PBXNativeTarget "iOSDevKit" */;
			buildPhases = (
				F36A6AAE240007CE0038299E /* Sources */,
				F36A6AAF240007CE0038299E /* Frameworks */,
				F36A6AB0240007CE0038299E /* Resources */,
			);
			buildRules = (
			);
			dependencies = (
			);
			name = iOSDevKit;
			productName = iOSDevKit;
			productReference = F36A6AB2240007CE0038299E /* iOSDevKit.app */;
			productType = "com.apple.product-type.application";
		};
		F36A6ACC240007CE0038299E /* iOSDevKitTests */ = {
			isa = PBXNativeTarget;
			buildConfigurationList = F36A6AE4240007CF0038299E /* Build configuration list for PBXNativeTarget "iOSDevKitTests" */;
			buildPhases = (
				F36A6AC9240007CE0038299E /* Sources */,
				F36A6ACA240007CE0038299E /* Frameworks */,
				F36A6ACB240007CE0038299E /* Resources */,
			);
			buildRules = (
			);
			dependencies = (
				F36A6ACF240007CE0038299E /* PBXTargetDependency */,
			);
			name = iOSDevKitTests;
			productName = iOSDevKitTests;
			productReference = F36A6ACD240007CE0038299E /* iOSDevKitTests.xctest */;
			productType = "com.apple.product-type.bundle.unit-test";
		};
		F36A6AD7240007CF0038299E /* iOSDevKitUITests */ = {
			isa = PBXNativeTarget;
			buildConfigurationList = F36A6AE7240007CF0038299E /* Build configuration list for PBXNativeTarget "iOSDevKitUITests" */;
			buildPhases = (
				F36A6AD4240007CF0038299E /* Sources */,
				F36A6AD5240007CF0038299E /* Frameworks */,
				F36A6AD6240007CF0038299E /* Resources */,
			);
			buildRules = (
			);
			dependencies = (
				F36A6ADA240007CF0038299E /* PBXTargetDependency */,
			);
			name = iOSDevKitUITests;
			productName = iOSDevKitUITests;
			productReference = F36A6AD8240007CF0038299E /* iOSDevKitUITests.xctest */;
			productType = "com.apple.product-type.bundle.ui-testing";
		};
/* End PBXNativeTarget section */

/* Begin PBXProject section */
		F36A6AAA240007CE0038299E /* Project object */ = {
			isa = PBXProject;
			attributes = {
				LastUpgradeCheck = 1130;
				ORGANIZATIONNAME = fangyuan;
				TargetAttributes = {
					F36A6AB1240007CE0038299E = {
						CreatedOnToolsVersion = 11.3;
					};
					F36A6ACC240007CE0038299E = {
						CreatedOnToolsVersion = 11.3;
						TestTargetID = F36A6AB1240007CE0038299E;
					};
					F36A6AD7240007CF0038299E = {
						CreatedOnToolsVersion = 11.3;
						TestTargetID = F36A6AB1240007CE0038299E;
					};
				};
			};
			buildConfigurationList = F36A6AAD240007CE0038299E /* Build configuration list for PBXProject "iOSDevKit" */;
			compatibilityVersion = "Xcode 9.3";
			developmentRegion = en;
			hasScannedForEncodings = 0;
			knownRegions = (
				en,
				Base,
			);
			mainGroup = F36A6AA9240007CE0038299E;
			productRefGroup = F36A6AB3240007CE0038299E /* Products */;
			projectDirPath = "";
			projectRoot = "";
			targets = (
				F36A6AB1240007CE0038299E /* iOSDevKit */,
				F36A6ACC240007CE0038299E /* iOSDevKitTests */,
				F36A6AD7240007CF0038299E /* iOSDevKitUITests */,
			);
		};
/* End PBXProject section */

/* Begin PBXResourcesBuildPhase section */
		F36A6AB0240007CE0038299E /* Resources */ = {
			isa = PBXResourcesBuildPhase;
			buildActionMask = 2147483647;
			files = (
				F36A6AC5240007CE0038299E /* LaunchScreen.storyboard in Resources */,
				F36A6AC2240007CE0038299E /* Assets.xcassets in Resources */,
				F36A6AC0240007CE0038299E /* Main.storyboard in Resources */,
			);
			runOnlyForDeploymentPostprocessing = 0;
		};
		F36A6ACB240007CE0038299E /* Resources */ = {
			isa = PBXResourcesBuildPhase;
			buildActionMask = 2147483647;
			files = (
			);
			runOnlyForDeploymentPostprocessing = 0;
		};
		F36A6AD6240007CF0038299E /* Resources */ = {
			isa = PBXResourcesBuildPhase;
			buildActionMask = 2147483647;
			files = (
			);
			runOnlyForDeploymentPostprocessing = 0;
		};
/* End PBXResourcesBuildPhase section */

/* Begin PBXSourcesBuildPhase section */
		F36A6AAE240007CE0038299E /* Sources */ = {
			isa = PBXSourcesBuildPhase;
			buildActionMask = 2147483647;
			files = (
				F36A6ABD240007CE0038299E /* ViewController.m in Sources */,
				F36A6AB7240007CE0038299E /* AppDelegate.m in Sources */,
				F36A6AC8240007CE0038299E /* main.m in Sources */,
				F36A6ABA240007CE0038299E /* SceneDelegate.m in Sources */,
			);
			runOnlyForDeploymentPostprocessing = 0;
		};
		F36A6AC9240007CE0038299E /* Sources */ = {
			isa = PBXSourcesBuildPhase;
			buildActionMask = 2147483647;
			files = (
				F36A6AD2240007CE0038299E /* iOSDevKitTests.m in Sources */,
			);
			runOnlyForDeploymentPostprocessing = 0;
		};
		F36A6AD4240007CF0038299E /* Sources */ = {
			isa = PBXSourcesBuildPhase;
			buildActionMask = 2147483647;
			files = (
				F36A6ADD240007CF0038299E /* iOSDevKitUITests.m in Sources */,
			);
			runOnlyForDeploymentPostprocessing = 0;
		};
/* End PBXSourcesBuildPhase section */

/* Begin PBXTargetDependency section */
		F36A6ACF240007CE0038299E /* PBXTargetDependency */ = {
			isa = PBXTargetDependency;
			target = F36A6AB1240007CE0038299E /* iOSDevKit */;
			targetProxy = F36A6ACE240007CE0038299E /* PBXContainerItemProxy */;
		};
		F36A6ADA240007CF0038299E /* PBXTargetDependency */ = {
			isa = PBXTargetDependency;
			target = F36A6AB1240007CE0038299E /* iOSDevKit */;
			targetProxy = F36A6AD9240007CF0038299E /* PBXContainerItemProxy */;
		};
/* End PBXTargetDependency section */

/* Begin PBXVariantGroup section */
		F36A6ABE240007CE0038299E /* Main.storyboard */ = {
			isa = PBXVariantGroup;
			children = (
				F36A6ABF240007CE0038299E /* Base */,
			);
			name = Main.storyboard;
			sourceTree = "<group>";
		};
		F36A6AC3240007CE0038299E /* LaunchScreen.storyboard */ = {
			isa = PBXVariantGroup;
			children = (
				F36A6AC4240007CE0038299E /* Base */,
			);
			name = LaunchScreen.storyboard;
			sourceTree = "<group>";
		};
/* End PBXVariantGroup section */

/* Begin XCBuildConfiguration section */
		F36A6ADF240007CF0038299E /* Debug */ = {
			isa = XCBuildConfiguration;
			buildSettings = {
				ALWAYS_SEARCH_USER_PATHS = NO;
				CLANG_ANALYZER_NONNULL = YES;
				CLANG_ANALYZER_NUMBER_OBJECT_CONVERSION = YES_AGGRESSIVE;
				CLANG_CXX_LANGUAGE_STANDARD = "gnu++14";
				CLANG_CXX_LIBRARY = "libc++";
				CLANG_ENABLE_MODULES = YES;
				CLANG_ENABLE_OBJC_ARC = YES;
				CLANG_ENABLE_OBJC_WEAK = YES;
				CLANG_WARN_BLOCK_CAPTURE_AUTORELEASING = YES;
				CLANG_WARN_BOOL_CONVERSION = YES;
				CLANG_WARN_COMMA = YES;
				CLANG_WARN_CONSTANT_CONVERSION = YES;
				CLANG_WARN_DEPRECATED_OBJC_IMPLEMENTATIONS = YES;
				CLANG_WARN_DIRECT_OBJC_ISA_USAGE = YES_ERROR;
				CLANG_WARN_DOCUMENTATION_COMMENTS = YES;
				CLANG_WARN_EMPTY_BODY = YES;
				CLANG_WARN_ENUM_CONVERSION = YES;
				CLANG_WARN_INFINITE_RECURSION = YES;
				CLANG_WARN_INT_CONVERSION = YES;
				CLANG_WARN_NON_LITERAL_NULL_CONVERSION = YES;
				CLANG_WARN_OBJC_IMPLICIT_RETAIN_SELF = YES;
				CLANG_WARN_OBJC_LITERAL_CONVERSION = YES;
				CLANG_WARN_OBJC_ROOT_CLASS = YES_ERROR;
				CLANG_WARN_RANGE_LOOP_ANALYSIS = YES;
				CLANG_WARN_STRICT_PROTOTYPES = YES;
				CLANG_WARN_SUSPICIOUS_MOVE = YES;
				CLANG_WARN_UNGUARDED_AVAILABILITY = YES_AGGRESSIVE;
				CLANG_WARN_UNREACHABLE_CODE = YES;
				CLANG_WARN__DUPLICATE_METHOD_MATCH = YES;
				COPY_PHASE_STRIP = NO;
				DEBUG_INFORMATION_FORMAT = dwarf;
				ENABLE_STRICT_OBJC_MSGSEND = YES;
				ENABLE_TESTABILITY = YES;
				GCC_C_LANGUAGE_STANDARD = gnu11;
				GCC_DYNAMIC_NO_PIC = NO;
				GCC_NO_COMMON_BLOCKS = YES;
				GCC_OPTIMIZATION_LEVEL = 0;
				GCC_PREPROCESSOR_DEFINITIONS = (
					"DEBUG=1",
					"$(inherited)",
				);
				GCC_WARN_64_TO_32_BIT_CONVERSION = YES;
				GCC_WARN_ABOUT_RETURN_TYPE = YES_ERROR;
				GCC_WARN_UNDECLARED_SELECTOR = YES;
				GCC_WARN_UNINITIALIZED_AUTOS = YES_AGGRESSIVE;
				GCC_WARN_UNUSED_FUNCTION = YES;
				GCC_WARN_UNUSED_VARIABLE = YES;
				IPHONEOS_DEPLOYMENT_TARGET = 13.2;
				MTL_ENABLE_DEBUG_INFO = INCLUDE_SOURCE;
				MTL_FAST_MATH = YES;
				ONLY_ACTIVE_ARCH = YES;
				SDKROOT = iphoneos;
			};
			name = Debug;
		};
		F36A6AE0240007CF0038299E /* Release */ = {
			isa = XCBuildConfiguration;
			buildSettings = {
				ALWAYS_SEARCH_USER_PATHS = NO;
				CLANG_ANALYZER_NONNULL = YES;
				CLANG_ANALYZER_NUMBER_OBJECT_CONVERSION = YES_AGGRESSIVE;
				CLANG_CXX_LANGUAGE_STANDARD = "gnu++14";
				CLANG_CXX_LIBRARY = "libc++";
				CLANG_ENABLE_MODULES = YES;
				CLANG_ENABLE_OBJC_ARC = YES;
				CLANG_ENABLE_OBJC_WEAK = YES;
				CLANG_WARN_BLOCK_CAPTURE_AUTORELEASING = YES;
				CLANG_WARN_BOOL_CONVERSION = YES;
				CLANG_WARN_COMMA = YES;
				CLANG_WARN_CONSTANT_CONVERSION = YES;
				CLANG_WARN_DEPRECATED_OBJC_IMPLEMENTATIONS = YES;
				CLANG_WARN_DIRECT_OBJC_ISA_USAGE = YES_ERROR;
				CLANG_WARN_DOCUMENTATION_COMMENTS = YES;
				CLANG_WARN_EMPTY_BODY = YES;
				CLANG_WARN_ENUM_CONVERSION = YES;
				CLANG_WARN_INFINITE_RECURSION = YES;
				CLANG_WARN_INT_CONVERSION = YES;
				CLANG_WARN_NON_LITERAL_NULL_CONVERSION = YES;
				CLANG_WARN_OBJC_IMPLICIT_RETAIN_SELF = YES;
				CLANG_WARN_OBJC_LITERAL_CONVERSION = YES;
				CLANG_WARN_OBJC_ROOT_CLASS = YES_ERROR;
				CLANG_WARN_RANGE_LOOP_ANALYSIS = YES;
				CLANG_WARN_STRICT_PROTOTYPES = YES;
				CLANG_WARN_SUSPICIOUS_MOVE = YES;
				CLANG_WARN_UNGUARDED_AVAILABILITY = YES_AGGRESSIVE;
				CLANG_WARN_UNREACHABLE_CODE = YES;
				CLANG_WARN__DUPLICATE_METHOD_MATCH = YES;
				COPY_PHASE_STRIP = NO;
				DEBUG_INFORMATION_FORMAT = "dwarf-with-dsym";
				ENABLE_NS_ASSERTIONS = NO;
				ENABLE_STRICT_OBJC_MSGSEND = YES;
				GCC_C_LANGUAGE_STANDARD = gnu11;
				GCC_NO_COMMON_BLOCKS = YES;
				GCC_WARN_64_TO_32_BIT_CONVERSION = YES;
				GCC_WARN_ABOUT_RETURN_TYPE = YES_ERROR;
				GCC_WARN_UNDECLARED_SELECTOR = YES;
				GCC_WARN_UNINITIALIZED_AUTOS = YES_AGGRESSIVE;
				GCC_WARN_UNUSED_FUNCTION = YES;
				GCC_WARN_UNUSED_VARIABLE = YES;
				IPHONEOS_DEPLOYMENT_TARGET = 13.2;
				MTL_ENABLE_DEBUG_INFO = NO;
				MTL_FAST_MATH = YES;
				SDKROOT = iphoneos;
				VALIDATE_PRODUCT = YES;
			};
			name = Release;
		};
		F36A6AE2240007CF0038299E /* Debug */ = {
			isa = XCBuildConfiguration;
			buildSettings = {
				ASSETCATALOG_COMPILER_APPICON_NAME = AppIcon;
				CODE_SIGN_STYLE = Automatic;
				INFOPLIST_FILE = iOSDevKit/Info.plist;
				LD_RUNPATH_SEARCH_PATHS = (
					"$(inherited)",
					"@executable_path/Frameworks",
				);
				PRODUCT_BUNDLE_IDENTIFIER = fangyuanorg.iOSDevKit;
				PRODUCT_NAME = "$(TARGET_NAME)";
				TARGETED_DEVICE_FAMILY = "1,2";
			};
			name = Debug;
		};
		F36A6AE3240007CF0038299E /* Release */ = {
			isa = XCBuildConfiguration;
			buildSettings = {
				ASSETCATALOG_COMPILER_APPICON_NAME = AppIcon;
				CODE_SIGN_STYLE = Automatic;
				INFOPLIST_FILE = iOSDevKit/Info.plist;
				LD_RUNPATH_SEARCH_PATHS = (
					"$(inherited)",
					"@executable_path/Frameworks",
				);
				PRODUCT_BUNDLE_IDENTIFIER = fangyuanorg.iOSDevKit;
				PRODUCT_NAME = "$(TARGET_NAME)";
				TARGETED_DEVICE_FAMILY = "1,2";
			};
			name = Release;
		};
		F36A6AE5240007CF0038299E /* Debug */ = {
			isa = XCBuildConfiguration;
			buildSettings = {
				BUNDLE_LOADER = "$(TEST_HOST)";
				CODE_SIGN_STYLE = Automatic;
				INFOPLIST_FILE = iOSDevKitTests/Info.plist;
				IPHONEOS_DEPLOYMENT_TARGET = 13.2;
				LD_RUNPATH_SEARCH_PATHS = (
					"$(inherited)",
					"@executable_path/Frameworks",
					"@loader_path/Frameworks",
				);
				PRODUCT_BUNDLE_IDENTIFIER = fangyuanorg.iOSDevKitTests;
				PRODUCT_NAME = "$(TARGET_NAME)";
				TARGETED_DEVICE_FAMILY = "1,2";
				TEST_HOST = "$(BUILT_PRODUCTS_DIR)/iOSDevKit.app/iOSDevKit";
			};
			name = Debug;
		};
		F36A6AE6240007CF0038299E /* Release */ = {
			isa = XCBuildConfiguration;
			buildSettings = {
				BUNDLE_LOADER = "$(TEST_HOST)";
				CODE_SIGN_STYLE = Automatic;
				INFOPLIST_FILE = iOSDevKitTests/Info.plist;
				IPHONEOS_DEPLOYMENT_TARGET = 13.2;
				LD_RUNPATH_SEARCH_PATHS = (
					"$(inherited)",
					"@executable_path/Frameworks",
					"@loader_path/Frameworks",
				);
				PRODUCT_BUNDLE_IDENTIFIER = fangyuanorg.iOSDevKitTests;
				PRODUCT_NAME = "$(TARGET_NAME)";
				TARGETED_DEVICE_FAMILY = "1,2";
				TEST_HOST = "$(BUILT_PRODUCTS_DIR)/iOSDevKit.app/iOSDevKit";
			};
			name = Release;
		};
		F36A6AE8240007CF0038299E /* Debug */ = {
			isa = XCBuildConfiguration;
			buildSettings = {
				CODE_SIGN_STYLE = Automatic;
				INFOPLIST_FILE = iOSDevKitUITests/Info.plist;
				LD_RUNPATH_SEARCH_PATHS = (
					"$(inherited)",
					"@executable_path/Frameworks",
					"@loader_path/Frameworks",
				);
				PRODUCT_BUNDLE_IDENTIFIER = fangyuanorg.iOSDevKitUITests;
				PRODUCT_NAME = "$(TARGET_NAME)";
				TARGETED_DEVICE_FAMILY = "1,2";
				TEST_TARGET_NAME = iOSDevKit;
			};
			name = Debug;
		};
		F36A6AE9240007CF0038299E /* Release */ = {
			isa = XCBuildConfiguration;
			buildSettings = {
				CODE_SIGN_STYLE = Automatic;
				INFOPLIST_FILE = iOSDevKitUITests/Info.plist;
				LD_RUNPATH_SEARCH_PATHS = (
					"$(inherited)",
					"@executable_path/Frameworks",
					"@loader_path/Frameworks",
				);
				PRODUCT_BUNDLE_IDENTIFIER = fangyuanorg.iOSDevKitUITests;
				PRODUCT_NAME = "$(TARGET_NAME)";
				TARGETED_DEVICE_FAMILY = "1,2";
				TEST_TARGET_NAME = iOSDevKit;
			};
			name = Release;
		};
/* End XCBuildConfiguration section */

/* Begin XCConfigurationList section */
		F36A6AAD240007CE0038299E /* Build configuration list for PBXProject "iOSDevKit" */ = {
			isa = XCConfigurationList;
			buildConfigurations = (
				F36A6ADF240007CF0038299E /* Debug */,
				F36A6AE0240007CF0038299E /* Release */,
			);
			defaultConfigurationIsVisible = 0;
			defaultConfigurationName = Release;
		};
		F36A6AE1240007CF0038299E /* Build configuration list for PBXNativeTarget "iOSDevKit" */ = {
			isa = XCConfigurationList;
			buildConfigurations = (
				F36A6AE2240007CF0038299E /* Debug */,
				F36A6AE3240007CF0038299E /* Release */,
			);
			defaultConfigurationIsVisible = 0;
			defaultConfigurationName = Release;
		};
		F36A6AE4240007CF0038299E /* Build configuration list for PBXNativeTarget "iOSDevKitTests" */ = {
			isa = XCConfigurationList;
			buildConfigurations = (
				F36A6AE5240007CF0038299E /* Debug */,
				F36A6AE6240007CF0038299E /* Release */,
			);
			defaultConfigurationIsVisible = 0;
			defaultConfigurationName = Release;
		};
		F36A6AE7240007CF0038299E /* Build configuration list for PBXNativeTarget "iOSDevKitUITests" */ = {
			isa = XCConfigurationList;
			buildConfigurations = (
				F36A6AE8240007CF0038299E /* Debug */,
				F36A6AE9240007CF0038299E /* Release */,
			);
			defaultConfigurationIsVisible = 0;
			defaultConfigurationName = Release;
		};
/* End XCConfigurationList section */
	};
	rootObject = F36A6AAA240007CE0038299E /* Project object */;
}
